// !$*UTF8*$!
{
	archiveVersion = 1;
	classes = {
	};
	objectVersion = 46;
	objects = {

/* Begin PBXBuildFile section */
		3359D86B1E538B6D002707E6 /* AppDelegate.swift in Sources */ = {isa = PBXBuildFile; fileRef = 3359D86A1E538B6D002707E6 /* AppDelegate.swift */; };
		3359D86D1E538B6D002707E6 /* ViewController.swift in Sources */ = {isa = PBXBuildFile; fileRef = 3359D86C1E538B6D002707E6 /* ViewController.swift */; };
		3359D8701E538B6D002707E6 /* Main.storyboard in Resources */ = {isa = PBXBuildFile; fileRef = 3359D86E1E538B6D002707E6 /* Main.storyboard */; };
		3359D8721E538B6D002707E6 /* Assets.xcassets in Resources */ = {isa = PBXBuildFile; fileRef = 3359D8711E538B6D002707E6 /* Assets.xcassets */; };
		3359D8751E538B6D002707E6 /* LaunchScreen.storyboard in Resources */ = {isa = PBXBuildFile; fileRef = 3359D8731E538B6D002707E6 /* LaunchScreen.storyboard */; };
		3359D8801E538B6D002707E6 /* LeagueOfStatsTests.swift in Sources */ = {isa = PBXBuildFile; fileRef = 3359D87F1E538B6D002707E6 /* LeagueOfStatsTests.swift */; };
		3359D88B1E538B6D002707E6 /* LeagueOfStatsUITests.swift in Sources */ = {isa = PBXBuildFile; fileRef = 3359D88A1E538B6D002707E6 /* LeagueOfStatsUITests.swift */; };
/* End PBXBuildFile section */

/* Begin PBXContainerItemProxy section */
		3359D87C1E538B6D002707E6 /* PBXContainerItemProxy */ = {
			isa = PBXContainerItemProxy;
			containerPortal = 3359D85F1E538B6C002707E6 /* Project object */;
			proxyType = 1;
			remoteGlobalIDString = 3359D8661E538B6C002707E6;
			remoteInfo = LeagueOfStats;
		};
		3359D8871E538B6D002707E6 /* PBXContainerItemProxy */ = {
			isa = PBXContainerItemProxy;
			containerPortal = 3359D85F1E538B6C002707E6 /* Project object */;
			proxyType = 1;
			remoteGlobalIDString = 3359D8661E538B6C002707E6;
			remoteInfo = LeagueOfStats;
		};
/* End PBXContainerItemProxy section */

/* Begin PBXFileReference section */
		3359D8671E538B6D002707E6 /* LeagueOfStats.app */ = {isa = PBXFileReference; explicitFileType = wrapper.application; includeInIndex = 0; path = LeagueOfStats.app; sourceTree = BUILT_PRODUCTS_DIR; };
		3359D86A1E538B6D002707E6 /* AppDelegate.swift */ = {isa = PBXFileReference; lastKnownFileType = sourcecode.swift; path = AppDelegate.swift; sourceTree = "<group>"; };
		3359D86C1E538B6D002707E6 /* ViewController.swift */ = {isa = PBXFileReference; lastKnownFileType = sourcecode.swift; path = ViewController.swift; sourceTree = "<group>"; };
		3359D86F1E538B6D002707E6 /* Base */ = {isa = PBXFileReference; lastKnownFileType = file.storyboard; name = Base; path = Base.lproj/Main.storyboard; sourceTree = "<group>"; };
		3359D8711E538B6D002707E6 /* Assets.xcassets */ = {isa = PBXFileReference; lastKnownFileType = folder.assetcatalog; path = Assets.xcassets; sourceTree = "<group>"; };
		3359D8741E538B6D002707E6 /* Base */ = {isa = PBXFileReference; lastKnownFileType = file.storyboard; name = Base; path = Base.lproj/LaunchScreen.storyboard; sourceTree = "<group>"; };
		3359D8761E538B6D002707E6 /* Info.plist */ = {isa = PBXFileReference; lastKnownFileType = text.plist.xml; path = Info.plist; sourceTree = "<group>"; };
		3359D87B1E538B6D002707E6 /* LeagueOfStatsTests.xctest */ = {isa = PBXFileReference; explicitFileType = wrapper.cfbundle; includeInIndex = 0; path = LeagueOfStatsTests.xctest; sourceTree = BUILT_PRODUCTS_DIR; };
		3359D87F1E538B6D002707E6 /* LeagueOfStatsTests.swift */ = {isa = PBXFileReference; lastKnownFileType = sourcecode.swift; path = LeagueOfStatsTests.swift; sourceTree = "<group>"; };
		3359D8811E538B6D002707E6 /* Info.plist */ = {isa = PBXFileReference; lastKnownFileType = text.plist.xml; path = Info.plist; sourceTree = "<group>"; };
		3359D8861E538B6D002707E6 /* LeagueOfStatsUITests.xctest */ = {isa = PBXFileReference; explicitFileType = wrapper.cfbundle; includeInIndex = 0; path = LeagueOfStatsUITests.xctest; sourceTree = BUILT_PRODUCTS_DIR; };
		3359D88A1E538B6D002707E6 /* LeagueOfStatsUITests.swift */ = {isa = PBXFileReference; lastKnownFileType = sourcecode.swift; path = LeagueOfStatsUITests.swift; sourceTree = "<group>"; };
		3359D88C1E538B6D002707E6 /* Info.plist */ = {isa = PBXFileReference; lastKnownFileType = text.plist.xml; path = Info.plist; sourceTree = "<group>"; };
/* End PBXFileReference section */

/* Begin PBXFrameworksBuildPhase section */
		3359D8641E538B6C002707E6 /* Frameworks */ = {
			isa = PBXFrameworksBuildPhase;
			buildActionMask = 2147483647;
			files = (
			);
			runOnlyForDeploymentPostprocessing = 0;
		};
		3359D8781E538B6D002707E6 /* Frameworks */ = {
			isa = PBXFrameworksBuildPhase;
			buildActionMask = 2147483647;
			files = (
			);
			runOnlyForDeploymentPostprocessing = 0;
		};
		3359D8831E538B6D002707E6 /* Frameworks */ = {
			isa = PBXFrameworksBuildPhase;
			buildActionMask = 2147483647;
			files = (
			);
			runOnlyForDeploymentPostprocessing = 0;
		};
/* End PBXFrameworksBuildPhase section */

/* Begin PBXGroup section */
		3359D85E1E538B6C002707E6 = {
			isa = PBXGroup;
			children = (
				3359D8691E538B6D002707E6 /* LeagueOfStats */,
				3359D87E1E538B6D002707E6 /* LeagueOfStatsTests */,
				3359D8891E538B6D002707E6 /* LeagueOfStatsUITests */,
				3359D8681E538B6D002707E6 /* Products */,
			);
			sourceTree = "<group>";
		};
		3359D8681E538B6D002707E6 /* Products */ = {
			isa = PBXGroup;
			children = (
				3359D8671E538B6D002707E6 /* LeagueOfStats.app */,
				3359D87B1E538B6D002707E6 /* LeagueOfStatsTests.xctest */,
				3359D8861E538B6D002707E6 /* LeagueOfStatsUITests.xctest */,
			);
			name = Products;
			sourceTree = "<group>";
		};
		3359D8691E538B6D002707E6 /* LeagueOfStats */ = {
			isa = PBXGroup;
			children = (
				3359D86A1E538B6D002707E6 /* AppDelegate.swift */,
				3359D86C1E538B6D002707E6 /* ViewController.swift */,
				3359D86E1E538B6D002707E6 /* Main.storyboard */,
				3359D8711E538B6D002707E6 /* Assets.xcassets */,
				3359D8731E538B6D002707E6 /* LaunchScreen.storyboard */,
				3359D8761E538B6D002707E6 /* Info.plist */,
			);
			path = LeagueOfStats;
			sourceTree = "<group>";
		};
		3359D87E1E538B6D002707E6 /* LeagueOfStatsTests */ = {
			isa = PBXGroup;
			children = (
				3359D87F1E538B6D002707E6 /* LeagueOfStatsTests.swift */,
				3359D8811E538B6D002707E6 /* Info.plist */,
			);
			path = LeagueOfStatsTests;
			sourceTree = "<group>";
		};
		3359D8891E538B6D002707E6 /* LeagueOfStatsUITests */ = {
			isa = PBXGroup;
			children = (
				3359D88A1E538B6D002707E6 /* LeagueOfStatsUITests.swift */,
				3359D88C1E538B6D002707E6 /* Info.plist */,
			);
			path = LeagueOfStatsUITests;
			sourceTree = "<group>";
		};
/* End PBXGroup section */

/* Begin PBXNativeTarget section */
		3359D8661E538B6C002707E6 /* LeagueOfStats */ = {
			isa = PBXNativeTarget;
			buildConfigurationList = 3359D88F1E538B6D002707E6 /* Build configuration list for PBXNativeTarget "LeagueOfStats" */;
			buildPhases = (
				3359D8631E538B6C002707E6 /* Sources */,
				3359D8641E538B6C002707E6 /* Frameworks */,
				3359D8651E538B6C002707E6 /* Resources */,
			);
			buildRules = (
			);
			dependencies = (
			);
			name = LeagueOfStats;
			productName = LeagueOfStats;
			productReference = 3359D8671E538B6D002707E6 /* LeagueOfStats.app */;
			productType = "com.apple.product-type.application";
		};
		3359D87A1E538B6D002707E6 /* LeagueOfStatsTests */ = {
			isa = PBXNativeTarget;
			buildConfigurationList = 3359D8921E538B6D002707E6 /* Build configuration list for PBXNativeTarget "LeagueOfStatsTests" */;
			buildPhases = (
				3359D8771E538B6D002707E6 /* Sources */,
				3359D8781E538B6D002707E6 /* Frameworks */,
				3359D8791E538B6D002707E6 /* Resources */,
			);
			buildRules = (
			);
			dependencies = (
				3359D87D1E538B6D002707E6 /* PBXTargetDependency */,
			);
			name = LeagueOfStatsTests;
			productName = LeagueOfStatsTests;
			productReference = 3359D87B1E538B6D002707E6 /* LeagueOfStatsTests.xctest */;
			productType = "com.apple.product-type.bundle.unit-test";
		};
		3359D8851E538B6D002707E6 /* LeagueOfStatsUITests */ = {
			isa = PBXNativeTarget;
			buildConfigurationList = 3359D8951E538B6D002707E6 /* Build configuration list for PBXNativeTarget "LeagueOfStatsUITests" */;
			buildPhases = (
				3359D8821E538B6D002707E6 /* Sources */,
				3359D8831E538B6D002707E6 /* Frameworks */,
				3359D8841E538B6D002707E6 /* Resources */,
			);
			buildRules = (
			);
			dependencies = (
				3359D8881E538B6D002707E6 /* PBXTargetDependency */,
			);
			name = LeagueOfStatsUITests;
			productName = LeagueOfStatsUITests;
			productReference = 3359D8861E538B6D002707E6 /* LeagueOfStatsUITests.xctest */;
			productType = "com.apple.product-type.bundle.ui-testing";
		};
/* End PBXNativeTarget section */

/* Begin PBXProject section */
		3359D85F1E538B6C002707E6 /* Project object */ = {
			isa = PBXProject;
			attributes = {
				LastSwiftUpdateCheck = 0800;
				LastUpgradeCheck = 0800;
				ORGANIZATIONNAME = Sheila;
				TargetAttributes = {
					3359D8661E538B6C002707E6 = {
						CreatedOnToolsVersion = 8.0;
						ProvisioningStyle = Automatic;
					};
					3359D87A1E538B6D002707E6 = {
						CreatedOnToolsVersion = 8.0;
						ProvisioningStyle = Automatic;
						TestTargetID = 3359D8661E538B6C002707E6;
					};
					3359D8851E538B6D002707E6 = {
						CreatedOnToolsVersion = 8.0;
						ProvisioningStyle = Automatic;
						TestTargetID = 3359D8661E538B6C002707E6;
					};
				};
			};
			buildConfigurationList = 3359D8621E538B6C002707E6 /* Build configuration list for PBXProject "LeagueOfStats" */;
			compatibilityVersion = "Xcode 3.2";
			developmentRegion = English;
			hasScannedForEncodings = 0;
			knownRegions = (
				en,
				Base,
			);
			mainGroup = 3359D85E1E538B6C002707E6;
			productRefGroup = 3359D8681E538B6D002707E6 /* Products */;
			projectDirPath = "";
			projectRoot = "";
			targets = (
				3359D8661E538B6C002707E6 /* LeagueOfStats */,
				3359D87A1E538B6D002707E6 /* LeagueOfStatsTests */,
				3359D8851E538B6D002707E6 /* LeagueOfStatsUITests */,
			);
		};
/* End PBXProject section */

/* Begin PBXResourcesBuildPhase section */
		3359D8651E538B6C002707E6 /* Resources */ = {
			isa = PBXResourcesBuildPhase;
			buildActionMask = 2147483647;
			files = (
				3359D8751E538B6D002707E6 /* LaunchScreen.storyboard in Resources */,
				3359D8721E538B6D002707E6 /* Assets.xcassets in Resources */,
				3359D8701E538B6D002707E6 /* Main.storyboard in Resources */,
			);
			runOnlyForDeploymentPostprocessing = 0;
		};
		3359D8791E538B6D002707E6 /* Resources */ = {
			isa = PBXResourcesBuildPhase;
			buildActionMask = 2147483647;
			files = (
			);
			runOnlyForDeploymentPostprocessing = 0;
		};
		3359D8841E538B6D002707E6 /* Resources */ = {
			isa = PBXResourcesBuildPhase;
			buildActionMask = 2147483647;
			files = (
			);
			runOnlyForDeploymentPostprocessing = 0;
		};
/* End PBXResourcesBuildPhase section */

/* Begin PBXSourcesBuildPhase section */
		3359D8631E538B6C002707E6 /* Sources */ = {
			isa = PBXSourcesBuildPhase;
			buildActionMask = 2147483647;
			files = (
				3359D86D1E538B6D002707E6 /* ViewController.swift in Sources */,
				3359D86B1E538B6D002707E6 /* AppDelegate.swift in Sources */,
			);
			runOnlyForDeploymentPostprocessing = 0;
		};
		3359D8771E538B6D002707E6 /* Sources */ = {
			isa = PBXSourcesBuildPhase;
			buildActionMask = 2147483647;
			files = (
				3359D8801E538B6D002707E6 /* LeagueOfStatsTests.swift in Sources */,
			);
			runOnlyForDeploymentPostprocessing = 0;
		};
		3359D8821E538B6D002707E6 /* Sources */ = {
			isa = PBXSourcesBuildPhase;
			buildActionMask = 2147483647;
			files = (
				3359D88B1E538B6D002707E6 /* LeagueOfStatsUITests.swift in Sources */,
			);
			runOnlyForDeploymentPostprocessing = 0;
		};
/* End PBXSourcesBuildPhase section */

/* Begin PBXTargetDependency section */
		3359D87D1E538B6D002707E6 /* PBXTargetDependency */ = {
			isa = PBXTargetDependency;
			target = 3359D8661E538B6C002707E6 /* LeagueOfStats */;
			targetProxy = 3359D87C1E538B6D002707E6 /* PBXContainerItemProxy */;
		};
		3359D8881E538B6D002707E6 /* PBXTargetDependency */ = {
			isa = PBXTargetDependency;
			target = 3359D8661E538B6C002707E6 /* LeagueOfStats */;
			targetProxy = 3359D8871E538B6D002707E6 /* PBXContainerItemProxy */;
		};
/* End PBXTargetDependency section */

/* Begin PBXVariantGroup section */
		3359D86E1E538B6D002707E6 /* Main.storyboard */ = {
			isa = PBXVariantGroup;
			children = (
				3359D86F1E538B6D002707E6 /* Base */,
			);
			name = Main.storyboard;
			sourceTree = "<group>";
		};
		3359D8731E538B6D002707E6 /* LaunchScreen.storyboard */ = {
			isa = PBXVariantGroup;
			children = (
				3359D8741E538B6D002707E6 /* Base */,
			);
			name = LaunchScreen.storyboard;
			sourceTree = "<group>";
		};
/* End PBXVariantGroup section */

/* Begin XCBuildConfiguration section */
		3359D88D1E538B6D002707E6 /* Debug */ = {
			isa = XCBuildConfiguration;
			buildSettings = {
				ALWAYS_SEARCH_USER_PATHS = NO;
				CLANG_ANALYZER_NONNULL = YES;
				CLANG_CXX_LANGUAGE_STANDARD = "gnu++0x";
				CLANG_CXX_LIBRARY = "libc++";
				CLANG_ENABLE_MODULES = YES;
				CLANG_ENABLE_OBJC_ARC = YES;
				CLANG_WARN_BOOL_CONVERSION = YES;
				CLANG_WARN_CONSTANT_CONVERSION = YES;
				CLANG_WARN_DIRECT_OBJC_ISA_USAGE = YES_ERROR;
				CLANG_WARN_DOCUMENTATION_COMMENTS = YES;
				CLANG_WARN_EMPTY_BODY = YES;
				CLANG_WARN_ENUM_CONVERSION = YES;
				CLANG_WARN_INFINITE_RECURSION = YES;
				CLANG_WARN_INT_CONVERSION = YES;
				CLANG_WARN_OBJC_ROOT_CLASS = YES_ERROR;
				CLANG_WARN_SUSPICIOUS_MOVES = YES;
				CLANG_WARN_UNREACHABLE_CODE = YES;
				CLANG_WARN__DUPLICATE_METHOD_MATCH = YES;
				"CODE_SIGN_IDENTITY[sdk=iphoneos*]" = "iPhone Developer";
				COPY_PHASE_STRIP = NO;
				DEBUG_INFORMATION_FORMAT = dwarf;
				ENABLE_STRICT_OBJC_MSGSEND = YES;
				ENABLE_TESTABILITY = YES;
				GCC_C_LANGUAGE_STANDARD = gnu99;
				GCC_DYNAMIC_NO_PIC = NO;
				GCC_NO_COMMON_BLOCKS = YES;
				GCC_OPTIMIZATION_LEVEL = 0;
				GCC_PREPROCESSOR_DEFINITIONS = (
					"DEBUG=1",
					"$(inherited)",
				);
				GCC_WARN_64_TO_32_BIT_CONVERSION = YES;
				GCC_WARN_ABOUT_RETURN_TYPE = YES_ERROR;
				GCC_WARN_UNDECLARED_SELECTOR = YES;
				GCC_WARN_UNINITIALIZED_AUTOS = YES_AGGRESSIVE;
				GCC_WARN_UNUSED_FUNCTION = YES;
				GCC_WARN_UNUSED_VARIABLE = YES;
				IPHONEOS_DEPLOYMENT_TARGET = 10.0;
				MTL_ENABLE_DEBUG_INFO = YES;
				ONLY_ACTIVE_ARCH = YES;
				SDKROOT = iphoneos;
				SWIFT_ACTIVE_COMPILATION_CONDITIONS = DEBUG;
				SWIFT_OPTIMIZATION_LEVEL = "-Onone";
				TARGETED_DEVICE_FAMILY = "1,2";
			};
			name = Debug;
		};
		3359D88E1E538B6D002707E6 /* Release */ = {
			isa = XCBuildConfiguration;
			buildSettings = {
				ALWAYS_SEARCH_USER_PATHS = NO;
				CLANG_ANALYZER_NONNULL = YES;
				CLANG_CXX_LANGUAGE_STANDARD = "gnu++0x";
				CLANG_CXX_LIBRARY = "libc++";
				CLANG_ENABLE_MODULES = YES;
				CLANG_ENABLE_OBJC_ARC = YES;
				CLANG_WARN_BOOL_CONVERSION = YES;
				CLANG_WARN_CONSTANT_CONVERSION = YES;
				CLANG_WARN_DIRECT_OBJC_ISA_USAGE = YES_ERROR;
				CLANG_WARN_DOCUMENTATION_COMMENTS = YES;
				CLANG_WARN_EMPTY_BODY = YES;
				CLANG_WARN_ENUM_CONVERSION = YES;
				CLANG_WARN_INFINITE_RECURSION = YES;
				CLANG_WARN_INT_CONVERSION = YES;
				CLANG_WARN_OBJC_ROOT_CLASS = YES_ERROR;
				CLANG_WARN_SUSPICIOUS_MOVES = YES;
				CLANG_WARN_UNREACHABLE_CODE = YES;
				CLANG_WARN__DUPLICATE_METHOD_MATCH = YES;
				"CODE_SIGN_IDENTITY[sdk=iphoneos*]" = "iPhone Developer";
				COPY_PHASE_STRIP = NO;
				DEBUG_INFORMATION_FORMAT = "dwarf-with-dsym";
				ENABLE_NS_ASSERTIONS = NO;
				ENABLE_STRICT_OBJC_MSGSEND = YES;
				GCC_C_LANGUAGE_STANDARD = gnu99;
				GCC_NO_COMMON_BLOCKS = YES;
				GCC_WARN_64_TO_32_BIT_CONVERSION = YES;
				GCC_WARN_ABOUT_RETURN_TYPE = YES_ERROR;
				GCC_WARN_UNDECLARED_SELECTOR = YES;
				GCC_WARN_UNINITIALIZED_AUTOS = YES_AGGRESSIVE;
				GCC_WARN_UNUSED_FUNCTION = YES;
				GCC_WARN_UNUSED_VARIABLE = YES;
				IPHONEOS_DEPLOYMENT_TARGET = 10.0;
				MTL_ENABLE_DEBUG_INFO = NO;
				SDKROOT = iphoneos;
				SWIFT_OPTIMIZATION_LEVEL = "-Owholemodule";
				TARGETED_DEVICE_FAMILY = "1,2";
				VALIDATE_PRODUCT = YES;
			};
			name = Release;
		};
		3359D8901E538B6D002707E6 /* Debug */ = {
			isa = XCBuildConfiguration;
			buildSettings = {
				ASSETCATALOG_COMPILER_APPICON_NAME = AppIcon;
				INFOPLIST_FILE = LeagueOfStats/Info.plist;
				LD_RUNPATH_SEARCH_PATHS = "$(inherited) @executable_path/Frameworks";
				PRODUCT_BUNDLE_IDENTIFIER = Sheila.LeagueOfStats;
				PRODUCT_NAME = "$(TARGET_NAME)";
				SWIFT_VERSION = 3.0;
			};
			name = Debug;
		};
		3359D8911E538B6D002707E6 /* Release */ = {
			isa = XCBuildConfiguration;
			buildSettings = {
				ASSETCATALOG_COMPILER_APPICON_NAME = AppIcon;
				INFOPLIST_FILE = LeagueOfStats/Info.plist;
				LD_RUNPATH_SEARCH_PATHS = "$(inherited) @executable_path/Frameworks";
				PRODUCT_BUNDLE_IDENTIFIER = Sheila.LeagueOfStats;
				PRODUCT_NAME = "$(TARGET_NAME)";
				SWIFT_VERSION = 3.0;
			};
			name = Release;
		};
		3359D8931E538B6D002707E6 /* Debug */ = {
			isa = XCBuildConfiguration;
			buildSettings = {
				ALWAYS_EMBED_SWIFT_STANDARD_LIBRARIES = YES;
				BUNDLE_LOADER = "$(TEST_HOST)";
				INFOPLIST_FILE = LeagueOfStatsTests/Info.plist;
				LD_RUNPATH_SEARCH_PATHS = "$(inherited) @executable_path/Frameworks @loader_path/Frameworks";
				PRODUCT_BUNDLE_IDENTIFIER = Sheila.LeagueOfStatsTests;
				PRODUCT_NAME = "$(TARGET_NAME)";
				SWIFT_VERSION = 3.0;
				TEST_HOST = "$(BUILT_PRODUCTS_DIR)/LeagueOfStats.app/LeagueOfStats";
			};
			name = Debug;
		};
		3359D8941E538B6D002707E6 /* Release */ = {
			isa = XCBuildConfiguration;
			buildSettings = {
				ALWAYS_EMBED_SWIFT_STANDARD_LIBRARIES = YES;
				BUNDLE_LOADER = "$(TEST_HOST)";
				INFOPLIST_FILE = LeagueOfStatsTests/Info.plist;
				LD_RUNPATH_SEARCH_PATHS = "$(inherited) @executable_path/Frameworks @loader_path/Frameworks";
				PRODUCT_BUNDLE_IDENTIFIER = Sheila.LeagueOfStatsTests;
				PRODUCT_NAME = "$(TARGET_NAME)";
				SWIFT_VERSION = 3.0;
				TEST_HOST = "$(BUILT_PRODUCTS_DIR)/LeagueOfStats.app/LeagueOfStats";
			};
			name = Release;
		};
		3359D8961E538B6D002707E6 /* Debug */ = {
			isa = XCBuildConfiguration;
			buildSettings = {
				ALWAYS_EMBED_SWIFT_STANDARD_LIBRARIES = YES;
				INFOPLIST_FILE = LeagueOfStatsUITests/Info.plist;
				LD_RUNPATH_SEARCH_PATHS = "$(inherited) @executable_path/Frameworks @loader_path/Frameworks";
				PRODUCT_BUNDLE_IDENTIFIER = Sheila.LeagueOfStatsUITests;
				PRODUCT_NAME = "$(TARGET_NAME)";
				SWIFT_VERSION = 3.0;
				TEST_TARGET_NAME = LeagueOfStats;
			};
			name = Debug;
		};
		3359D8971E538B6D002707E6 /* Release */ = {
			isa = XCBuildConfiguration;
			buildSettings = {
				ALWAYS_EMBED_SWIFT_STANDARD_LIBRARIES = YES;
				INFOPLIST_FILE = LeagueOfStatsUITests/Info.plist;
				LD_RUNPATH_SEARCH_PATHS = "$(inherited) @executable_path/Frameworks @loader_path/Frameworks";
				PRODUCT_BUNDLE_IDENTIFIER = Sheila.LeagueOfStatsUITests;
				PRODUCT_NAME = "$(TARGET_NAME)";
				SWIFT_VERSION = 3.0;
				TEST_TARGET_NAME = LeagueOfStats;
			};
			name = Release;
		};
/* End XCBuildConfiguration section */

/* Begin XCConfigurationList section */
		3359D8621E538B6C002707E6 /* Build configuration list for PBXProject "LeagueOfStats" */ = {
			isa = XCConfigurationList;
			buildConfigurations = (
				3359D88D1E538B6D002707E6 /* Debug */,
				3359D88E1E538B6D002707E6 /* Release */,
			);
			defaultConfigurationIsVisible = 0;
			defaultConfigurationName = Release;
		};
		3359D88F1E538B6D002707E6 /* Build configuration list for PBXNativeTarget "LeagueOfStats" */ = {
			isa = XCConfigurationList;
			buildConfigurations = (
				3359D8901E538B6D002707E6 /* Debug */,
				3359D8911E538B6D002707E6 /* Release */,
			);
			defaultConfigurationIsVisible = 0;
		};
		3359D8921E538B6D002707E6 /* Build configuration list for PBXNativeTarget "LeagueOfStatsTests" */ = {
			isa = XCConfigurationList;
			buildConfigurations = (
				3359D8931E538B6D002707E6 /* Debug */,
				3359D8941E538B6D002707E6 /* Release */,
			);
			defaultConfigurationIsVisible = 0;
		};
		3359D8951E538B6D002707E6 /* Build configuration list for PBXNativeTarget "LeagueOfStatsUITests" */ = {
			isa = XCConfigurationList;
			buildConfigurations = (
				3359D8961E538B6D002707E6 /* Debug */,
				3359D8971E538B6D002707E6 /* Release */,
			);
			defaultConfigurationIsVisible = 0;
		};
/* End XCConfigurationList section */
	};
	rootObject = 3359D85F1E538B6C002707E6 /* Project object */;
}
